// !$*UTF8*$!
{
	archiveVersion = 1;
	classes = {
	};
	objectVersion = 46;
	objects = {

/* Begin PBXBuildFile section */
		8CE79BD31BD485B400F9D2C1 /* AppDelegate.swift in Sources */ = {isa = PBXBuildFile; fileRef = 8CE79BD21BD485B400F9D2C1 /* AppDelegate.swift */; };
		8CE79BDA1BD485B400F9D2C1 /* Assets.xcassets in Resources */ = {isa = PBXBuildFile; fileRef = 8CE79BD91BD485B400F9D2C1 /* Assets.xcassets */; };
		8CE79BE81BD485B500F9D2C1 /* SnakeGameTests.swift in Sources */ = {isa = PBXBuildFile; fileRef = 8CE79BE71BD485B500F9D2C1 /* SnakeGameTests.swift */; };
		8CE79BF31BD485B500F9D2C1 /* SnakeGameUITests.swift in Sources */ = {isa = PBXBuildFile; fileRef = 8CE79BF21BD485B500F9D2C1 /* SnakeGameUITests.swift */; };
		8CE79C041BD50DCD00F9D2C1 /* LaunchScreen.xib in Resources */ = {isa = PBXBuildFile; fileRef = 8CE79C031BD50DCD00F9D2C1 /* LaunchScreen.xib */; settings = {ASSET_TAGS = (); }; };
		8CE79C071BD50EC800F9D2C1 /* RootViewController.swift in Sources */ = {isa = PBXBuildFile; fileRef = 8CE79C051BD50EC800F9D2C1 /* RootViewController.swift */; settings = {ASSET_TAGS = (); }; };
		8CE79C101BD6688800F9D2C1 /* Snake.swift in Sources */ = {isa = PBXBuildFile; fileRef = 8CE79C0F1BD6688800F9D2C1 /* Snake.swift */; settings = {ASSET_TAGS = (); }; };
		8CE79C1A1BD878A000F9D2C1 /* Food.swift in Sources */ = {isa = PBXBuildFile; fileRef = 8CE79C191BD878A000F9D2C1 /* Food.swift */; settings = {ASSET_TAGS = (); }; };
		8CE79C1C1BD87BC600F9D2C1 /* MainBoard.swift in Sources */ = {isa = PBXBuildFile; fileRef = 8CE79C1B1BD87BC600F9D2C1 /* MainBoard.swift */; settings = {ASSET_TAGS = (); }; };
/* End PBXBuildFile section */

/* Begin PBXContainerItemProxy section */
		8CE79BE41BD485B400F9D2C1 /* PBXContainerItemProxy */ = {
			isa = PBXContainerItemProxy;
			containerPortal = 8CE79BC71BD485B400F9D2C1 /* Project object */;
			proxyType = 1;
			remoteGlobalIDString = 8CE79BCE1BD485B400F9D2C1;
			remoteInfo = SnakeGame;
		};
		8CE79BEF1BD485B500F9D2C1 /* PBXContainerItemProxy */ = {
			isa = PBXContainerItemProxy;
			containerPortal = 8CE79BC71BD485B400F9D2C1 /* Project object */;
			proxyType = 1;
			remoteGlobalIDString = 8CE79BCE1BD485B400F9D2C1;
			remoteInfo = SnakeGame;
		};
/* End PBXContainerItemProxy section */

/* Begin PBXFileReference section */
		8CE79BCF1BD485B400F9D2C1 /* SnakeGame.app */ = {isa = PBXFileReference; explicitFileType = wrapper.application; includeInIndex = 0; path = SnakeGame.app; sourceTree = BUILT_PRODUCTS_DIR; };
		8CE79BD21BD485B400F9D2C1 /* AppDelegate.swift */ = {isa = PBXFileReference; lastKnownFileType = sourcecode.swift; path = AppDelegate.swift; sourceTree = "<group>"; };
		8CE79BD91BD485B400F9D2C1 /* Assets.xcassets */ = {isa = PBXFileReference; lastKnownFileType = folder.assetcatalog; path = Assets.xcassets; sourceTree = "<group>"; };
		8CE79BDE1BD485B400F9D2C1 /* Info.plist */ = {isa = PBXFileReference; lastKnownFileType = text.plist.xml; path = Info.plist; sourceTree = "<group>"; };
		8CE79BE31BD485B400F9D2C1 /* SnakeGameTests.xctest */ = {isa = PBXFileReference; explicitFileType = wrapper.cfbundle; includeInIndex = 0; path = SnakeGameTests.xctest; sourceTree = BUILT_PRODUCTS_DIR; };
		8CE79BE71BD485B500F9D2C1 /* SnakeGameTests.swift */ = {isa = PBXFileReference; lastKnownFileType = sourcecode.swift; path = SnakeGameTests.swift; sourceTree = "<group>"; };
		8CE79BE91BD485B500F9D2C1 /* Info.plist */ = {isa = PBXFileReference; lastKnownFileType = text.plist.xml; path = Info.plist; sourceTree = "<group>"; };
		8CE79BEE1BD485B500F9D2C1 /* SnakeGameUITests.xctest */ = {isa = PBXFileReference; explicitFileType = wrapper.cfbundle; includeInIndex = 0; path = SnakeGameUITests.xctest; sourceTree = BUILT_PRODUCTS_DIR; };
		8CE79BF21BD485B500F9D2C1 /* SnakeGameUITests.swift */ = {isa = PBXFileReference; lastKnownFileType = sourcecode.swift; path = SnakeGameUITests.swift; sourceTree = "<group>"; };
		8CE79BF41BD485B500F9D2C1 /* Info.plist */ = {isa = PBXFileReference; lastKnownFileType = text.plist.xml; path = Info.plist; sourceTree = "<group>"; };
		8CE79C031BD50DCD00F9D2C1 /* LaunchScreen.xib */ = {isa = PBXFileReference; fileEncoding = 4; lastKnownFileType = file.xib; path = LaunchScreen.xib; sourceTree = "<group>"; };
		8CE79C051BD50EC800F9D2C1 /* RootViewController.swift */ = {isa = PBXFileReference; fileEncoding = 4; lastKnownFileType = sourcecode.swift; path = RootViewController.swift; sourceTree = "<group>"; };
		8CE79C0F1BD6688800F9D2C1 /* Snake.swift */ = {isa = PBXFileReference; fileEncoding = 4; lastKnownFileType = sourcecode.swift; path = Snake.swift; sourceTree = "<group>"; };
		8CE79C191BD878A000F9D2C1 /* Food.swift */ = {isa = PBXFileReference; fileEncoding = 4; lastKnownFileType = sourcecode.swift; path = Food.swift; sourceTree = "<group>"; };
		8CE79C1B1BD87BC600F9D2C1 /* MainBoard.swift */ = {isa = PBXFileReference; fileEncoding = 4; lastKnownFileType = sourcecode.swift; path = MainBoard.swift; sourceTree = "<group>"; };
/* End PBXFileReference section */

/* Begin PBXFrameworksBuildPhase section */
		8CE79BCC1BD485B400F9D2C1 /* Frameworks */ = {
			isa = PBXFrameworksBuildPhase;
			buildActionMask = 2147483647;
			files = (
			);
			runOnlyForDeploymentPostprocessing = 0;
		};
		8CE79BE01BD485B400F9D2C1 /* Frameworks */ = {
			isa = PBXFrameworksBuildPhase;
			buildActionMask = 2147483647;
			files = (
			);
			runOnlyForDeploymentPostprocessing = 0;
		};
		8CE79BEB1BD485B500F9D2C1 /* Frameworks */ = {
			isa = PBXFrameworksBuildPhase;
			buildActionMask = 2147483647;
			files = (
			);
			runOnlyForDeploymentPostprocessing = 0;
		};
/* End PBXFrameworksBuildPhase section */

/* Begin PBXGroup section */
		8CE79BC61BD485B400F9D2C1 = {
			isa = PBXGroup;
			children = (
				8CE79BD11BD485B400F9D2C1 /* SnakeGame */,
				8CE79BE61BD485B500F9D2C1 /* SnakeGameTests */,
				8CE79BF11BD485B500F9D2C1 /* SnakeGameUITests */,
				8CE79BD01BD485B400F9D2C1 /* Products */,
			);
			sourceTree = "<group>";
		};
		8CE79BD01BD485B400F9D2C1 /* Products */ = {
			isa = PBXGroup;
			children = (
				8CE79BCF1BD485B400F9D2C1 /* SnakeGame.app */,
				8CE79BE31BD485B400F9D2C1 /* SnakeGameTests.xctest */,
				8CE79BEE1BD485B500F9D2C1 /* SnakeGameUITests.xctest */,
			);
			name = Products;
			sourceTree = "<group>";
		};
		8CE79BD11BD485B400F9D2C1 /* SnakeGame */ = {
			isa = PBXGroup;
			children = (
				8CE79C181BD8781700F9D2C1 /* AppGlobal */,
				8CE79C111BD8779200F9D2C1 /* Resource */,
				8CE79C051BD50EC800F9D2C1 /* RootViewController.swift */,
				8CE79C0F1BD6688800F9D2C1 /* Snake.swift */,
				8CE79C191BD878A000F9D2C1 /* Food.swift */,
				8CE79C1B1BD87BC600F9D2C1 /* MainBoard.swift */,
			);
			path = SnakeGame;
			sourceTree = "<group>";
		};
		8CE79BE61BD485B500F9D2C1 /* SnakeGameTests */ = {
			isa = PBXGroup;
			children = (
				8CE79BE71BD485B500F9D2C1 /* SnakeGameTests.swift */,
				8CE79BE91BD485B500F9D2C1 /* Info.plist */,
			);
			path = SnakeGameTests;
			sourceTree = "<group>";
		};
		8CE79BF11BD485B500F9D2C1 /* SnakeGameUITests */ = {
			isa = PBXGroup;
			children = (
				8CE79BF21BD485B500F9D2C1 /* SnakeGameUITests.swift */,
				8CE79BF41BD485B500F9D2C1 /* Info.plist */,
			);
			path = SnakeGameUITests;
			sourceTree = "<group>";
		};
		8CE79C111BD8779200F9D2C1 /* Resource */ = {
			isa = PBXGroup;
			children = (
				8CE79BD91BD485B400F9D2C1 /* Assets.xcassets */,
			);
			name = Resource;
			sourceTree = "<group>";
		};
		8CE79C181BD8781700F9D2C1 /* AppGlobal */ = {
			isa = PBXGroup;
			children = (
				8CE79BDE1BD485B400F9D2C1 /* Info.plist */,
				8CE79BD21BD485B400F9D2C1 /* AppDelegate.swift */,
				8CE79C031BD50DCD00F9D2C1 /* LaunchScreen.xib */,
			);
			name = AppGlobal;
			sourceTree = "<group>";
		};
/* End PBXGroup section */

/* Begin PBXNativeTarget section */
		8CE79BCE1BD485B400F9D2C1 /* SnakeGame */ = {
			isa = PBXNativeTarget;
			buildConfigurationList = 8CE79BF71BD485B500F9D2C1 /* Build configuration list for PBXNativeTarget "SnakeGame" */;
			buildPhases = (
				8CE79BCB1BD485B400F9D2C1 /* Sources */,
				8CE79BCC1BD485B400F9D2C1 /* Frameworks */,
				8CE79BCD1BD485B400F9D2C1 /* Resources */,
			);
			buildRules = (
			);
			dependencies = (
			);
			name = SnakeGame;
			productName = SnakeGame;
			productReference = 8CE79BCF1BD485B400F9D2C1 /* SnakeGame.app */;
			productType = "com.apple.product-type.application";
		};
		8CE79BE21BD485B400F9D2C1 /* SnakeGameTests */ = {
			isa = PBXNativeTarget;
			buildConfigurationList = 8CE79BFA1BD485B500F9D2C1 /* Build configuration list for PBXNativeTarget "SnakeGameTests" */;
			buildPhases = (
				8CE79BDF1BD485B400F9D2C1 /* Sources */,
				8CE79BE01BD485B400F9D2C1 /* Frameworks */,
				8CE79BE11BD485B400F9D2C1 /* Resources */,
			);
			buildRules = (
			);
			dependencies = (
				8CE79BE51BD485B400F9D2C1 /* PBXTargetDependency */,
			);
			name = SnakeGameTests;
			productName = SnakeGameTests;
			productReference = 8CE79BE31BD485B400F9D2C1 /* SnakeGameTests.xctest */;
			productType = "com.apple.product-type.bundle.unit-test";
		};
		8CE79BED1BD485B500F9D2C1 /* SnakeGameUITests */ = {
			isa = PBXNativeTarget;
			buildConfigurationList = 8CE79BFD1BD485B500F9D2C1 /* Build configuration list for PBXNativeTarget "SnakeGameUITests" */;
			buildPhases = (
				8CE79BEA1BD485B500F9D2C1 /* Sources */,
				8CE79BEB1BD485B500F9D2C1 /* Frameworks */,
				8CE79BEC1BD485B500F9D2C1 /* Resources */,
			);
			buildRules = (
			);
			dependencies = (
				8CE79BF01BD485B500F9D2C1 /* PBXTargetDependency */,
			);
			name = SnakeGameUITests;
			productName = SnakeGameUITests;
			productReference = 8CE79BEE1BD485B500F9D2C1 /* SnakeGameUITests.xctest */;
			productType = "com.apple.product-type.bundle.ui-testing";
		};
/* End PBXNativeTarget section */

/* Begin PBXProject section */
		8CE79BC71BD485B400F9D2C1 /* Project object */ = {
			isa = PBXProject;
			attributes = {
				LastUpgradeCheck = 0700;
				ORGANIZATIONNAME = thunder;
				TargetAttributes = {
					8CE79BCE1BD485B400F9D2C1 = {
						CreatedOnToolsVersion = 7.0;
					};
					8CE79BE21BD485B400F9D2C1 = {
						CreatedOnToolsVersion = 7.0;
						TestTargetID = 8CE79BCE1BD485B400F9D2C1;
					};
					8CE79BED1BD485B500F9D2C1 = {
						CreatedOnToolsVersion = 7.0;
						TestTargetID = 8CE79BCE1BD485B400F9D2C1;
					};
				};
			};
			buildConfigurationList = 8CE79BCA1BD485B400F9D2C1 /* Build configuration list for PBXProject "SnakeGame" */;
			compatibilityVersion = "Xcode 3.2";
			developmentRegion = English;
			hasScannedForEncodings = 0;
			knownRegions = (
				en,
				Base,
			);
			mainGroup = 8CE79BC61BD485B400F9D2C1;
			productRefGroup = 8CE79BD01BD485B400F9D2C1 /* Products */;
			projectDirPath = "";
			projectRoot = "";
			targets = (
				8CE79BCE1BD485B400F9D2C1 /* SnakeGame */,
				8CE79BE21BD485B400F9D2C1 /* SnakeGameTests */,
				8CE79BED1BD485B500F9D2C1 /* SnakeGameUITests */,
			);
		};
/* End PBXProject section */

/* Begin PBXResourcesBuildPhase section */
		8CE79BCD1BD485B400F9D2C1 /* Resources */ = {
			isa = PBXResourcesBuildPhase;
			buildActionMask = 2147483647;
			files = (
				8CE79BDA1BD485B400F9D2C1 /* Assets.xcassets in Resources */,
				8CE79C041BD50DCD00F9D2C1 /* LaunchScreen.xib in Resources */,
			);
			runOnlyForDeploymentPostprocessing = 0;
		};
		8CE79BE11BD485B400F9D2C1 /* Resources */ = {
			isa = PBXResourcesBuildPhase;
			buildActionMask = 2147483647;
			files = (
			);
			runOnlyForDeploymentPostprocessing = 0;
		};
		8CE79BEC1BD485B500F9D2C1 /* Resources */ = {
			isa = PBXResourcesBuildPhase;
			buildActionMask = 2147483647;
			files = (
			);
			runOnlyForDeploymentPostprocessing = 0;
		};
/* End PBXResourcesBuildPhase section */

/* Begin PBXSourcesBuildPhase section */
		8CE79BCB1BD485B400F9D2C1 /* Sources */ = {
			isa = PBXSourcesBuildPhase;
			buildActionMask = 2147483647;
			files = (
				8CE79C1C1BD87BC600F9D2C1 /* MainBoard.swift in Sources */,
				8CE79C071BD50EC800F9D2C1 /* RootViewController.swift in Sources */,
				8CE79C1A1BD878A000F9D2C1 /* Food.swift in Sources */,
				8CE79BD31BD485B400F9D2C1 /* AppDelegate.swift in Sources */,
				8CE79C101BD6688800F9D2C1 /* Snake.swift in Sources */,
			);
			runOnlyForDeploymentPostprocessing = 0;
		};
		8CE79BDF1BD485B400F9D2C1 /* Sources */ = {
			isa = PBXSourcesBuildPhase;
			buildActionMask = 2147483647;
			files = (
				8CE79BE81BD485B500F9D2C1 /* SnakeGameTests.swift in Sources */,
			);
			runOnlyForDeploymentPostprocessing = 0;
		};
		8CE79BEA1BD485B500F9D2C1 /* Sources */ = {
			isa = PBXSourcesBuildPhase;
			buildActionMask = 2147483647;
			files = (
				8CE79BF31BD485B500F9D2C1 /* SnakeGameUITests.swift in Sources */,
			);
			runOnlyForDeploymentPostprocessing = 0;
		};
/* End PBXSourcesBuildPhase section */

/* Begin PBXTargetDependency section */
		8CE79BE51BD485B400F9D2C1 /* PBXTargetDependency */ = {
			isa = PBXTargetDependency;
			target = 8CE79BCE1BD485B400F9D2C1 /* SnakeGame */;
			targetProxy = 8CE79BE41BD485B400F9D2C1 /* PBXContainerItemProxy */;
		};
		8CE79BF01BD485B500F9D2C1 /* PBXTargetDependency */ = {
			isa = PBXTargetDependency;
			target = 8CE79BCE1BD485B400F9D2C1 /* SnakeGame */;
			targetProxy = 8CE79BEF1BD485B500F9D2C1 /* PBXContainerItemProxy */;
		};
/* End PBXTargetDependency section */

/* Begin XCBuildConfiguration section */
		8CE79BF51BD485B500F9D2C1 /* Debug */ = {
			isa = XCBuildConfiguration;
			buildSettings = {
				ALWAYS_SEARCH_USER_PATHS = NO;
				CLANG_CXX_LANGUAGE_STANDARD = "gnu++0x";
				CLANG_CXX_LIBRARY = "libc++";
				CLANG_ENABLE_MODULES = YES;
				CLANG_ENABLE_OBJC_ARC = YES;
				CLANG_WARN_BOOL_CONVERSION = YES;
				CLANG_WARN_CONSTANT_CONVERSION = YES;
				CLANG_WARN_DIRECT_OBJC_ISA_USAGE = YES_ERROR;
				CLANG_WARN_EMPTY_BODY = YES;
				CLANG_WARN_ENUM_CONVERSION = YES;
				CLANG_WARN_INT_CONVERSION = YES;
				CLANG_WARN_OBJC_ROOT_CLASS = YES_ERROR;
				CLANG_WARN_UNREACHABLE_CODE = YES;
				CLANG_WARN__DUPLICATE_METHOD_MATCH = YES;
				"CODE_SIGN_IDENTITY[sdk=iphoneos*]" = "iPhone Developer";
				COPY_PHASE_STRIP = NO;
				DEBUG_INFORMATION_FORMAT = dwarf;
				ENABLE_STRICT_OBJC_MSGSEND = YES;
				ENABLE_TESTABILITY = YES;
				GCC_C_LANGUAGE_STANDARD = gnu99;
				GCC_DYNAMIC_NO_PIC = NO;
				GCC_NO_COMMON_BLOCKS = YES;
				GCC_OPTIMIZATION_LEVEL = 0;
				GCC_PREPROCESSOR_DEFINITIONS = (
					"DEBUG=1",
					"$(inherited)",
				);
				GCC_WARN_64_TO_32_BIT_CONVERSION = YES;
				GCC_WARN_ABOUT_RETURN_TYPE = YES_ERROR;
				GCC_WARN_UNDECLARED_SELECTOR = YES;
				GCC_WARN_UNINITIALIZED_AUTOS = YES_AGGRESSIVE;
				GCC_WARN_UNUSED_FUNCTION = YES;
				GCC_WARN_UNUSED_VARIABLE = YES;
				IPHONEOS_DEPLOYMENT_TARGET = 9.0;
				MTL_ENABLE_DEBUG_INFO = YES;
				ONLY_ACTIVE_ARCH = YES;
				SDKROOT = iphoneos;
				SWIFT_OPTIMIZATION_LEVEL = "-Onone";
				TARGETED_DEVICE_FAMILY = "1,2";
			};
			name = Debug;
		};
		8CE79BF61BD485B500F9D2C1 /* Release */ = {
			isa = XCBuildConfiguration;
			buildSettings = {
				ALWAYS_SEARCH_USER_PATHS = NO;
				CLANG_CXX_LANGUAGE_STANDARD = "gnu++0x";
				CLANG_CXX_LIBRARY = "libc++";
				CLANG_ENABLE_MODULES = YES;
				CLANG_ENABLE_OBJC_ARC = YES;
				CLANG_WARN_BOOL_CONVERSION = YES;
				CLANG_WARN_CONSTANT_CONVERSION = YES;
				CLANG_WARN_DIRECT_OBJC_ISA_USAGE = YES_ERROR;
				CLANG_WARN_EMPTY_BODY = YES;
				CLANG_WARN_ENUM_CONVERSION = YES;
				CLANG_WARN_INT_CONVERSION = YES;
				CLANG_WARN_OBJC_ROOT_CLASS = YES_ERROR;
				CLANG_WARN_UNREACHABLE_CODE = YES;
				CLANG_WARN__DUPLICATE_METHOD_MATCH = YES;
				"CODE_SIGN_IDENTITY[sdk=iphoneos*]" = "iPhone Developer";
				COPY_PHASE_STRIP = NO;
				DEBUG_INFORMATION_FORMAT = "dwarf-with-dsym";
				ENABLE_NS_ASSERTIONS = NO;
				ENABLE_STRICT_OBJC_MSGSEND = YES;
				GCC_C_LANGUAGE_STANDARD = gnu99;
				GCC_NO_COMMON_BLOCKS = YES;
				GCC_WARN_64_TO_32_BIT_CONVERSION = YES;
				GCC_WARN_ABOUT_RETURN_TYPE = YES_ERROR;
				GCC_WARN_UNDECLARED_SELECTOR = YES;
				GCC_WARN_UNINITIALIZED_AUTOS = YES_AGGRESSIVE;
				GCC_WARN_UNUSED_FUNCTION = YES;
				GCC_WARN_UNUSED_VARIABLE = YES;
				IPHONEOS_DEPLOYMENT_TARGET = 9.0;
				MTL_ENABLE_DEBUG_INFO = NO;
				SDKROOT = iphoneos;
				TARGETED_DEVICE_FAMILY = "1,2";
				VALIDATE_PRODUCT = YES;
			};
			name = Release;
		};
		8CE79BF81BD485B500F9D2C1 /* Debug */ = {
			isa = XCBuildConfiguration;
			buildSettings = {
				ASSETCATALOG_COMPILER_APPICON_NAME = AppIcon;
				INFOPLIST_FILE = SnakeGame/Info.plist;
				IPHONEOS_DEPLOYMENT_TARGET = 7.0;
				LD_RUNPATH_SEARCH_PATHS = "$(inherited) @executable_path/Frameworks";
				PRODUCT_BUNDLE_IDENTIFIER = thunder.SnakeGame;
				PRODUCT_NAME = "$(TARGET_NAME)";
			};
			name = Debug;
		};
		8CE79BF91BD485B500F9D2C1 /* Release */ = {
			isa = XCBuildConfiguration;
			buildSettings = {
				ASSETCATALOG_COMPILER_APPICON_NAME = AppIcon;
				INFOPLIST_FILE = SnakeGame/Info.plist;
				IPHONEOS_DEPLOYMENT_TARGET = 7.0;
				LD_RUNPATH_SEARCH_PATHS = "$(inherited) @executable_path/Frameworks";
				PRODUCT_BUNDLE_IDENTIFIER = thunder.SnakeGame;
				PRODUCT_NAME = "$(TARGET_NAME)";
			};
			name = Release;
		};
		8CE79BFB1BD485B500F9D2C1 /* Debug */ = {
			isa = XCBuildConfiguration;
			buildSettings = {
				BUNDLE_LOADER = "$(TEST_HOST)";
				INFOPLIST_FILE = SnakeGameTests/Info.plist;
				LD_RUNPATH_SEARCH_PATHS = "$(inherited) @executable_path/Frameworks @loader_path/Frameworks";
				PRODUCT_BUNDLE_IDENTIFIER = thunder.SnakeGameTests;
				PRODUCT_NAME = "$(TARGET_NAME)";
				TEST_HOST = "$(BUILT_PRODUCTS_DIR)/SnakeGame.app/SnakeGame";
			};
			name = Debug;
		};
		8CE79BFC1BD485B500F9D2C1 /* Release */ = {
			isa = XCBuildConfiguration;
			buildSettings = {
				BUNDLE_LOADER = "$(TEST_HOST)";
				INFOPLIST_FILE = SnakeGameTests/Info.plist;
				LD_RUNPATH_SEARCH_PATHS = "$(inherited) @executable_path/Frameworks @loader_path/Frameworks";
				PRODUCT_BUNDLE_IDENTIFIER = thunder.SnakeGameTests;
				PRODUCT_NAME = "$(TARGET_NAME)";
				TEST_HOST = "$(BUILT_PRODUCTS_DIR)/SnakeGame.app/SnakeGame";
			};
			name = Release;
		};
		8CE79BFE1BD485B500F9D2C1 /* Debug */ = {
			isa = XCBuildConfiguration;
			buildSettings = {
				INFOPLIST_FILE = SnakeGameUITests/Info.plist;
				LD_RUNPATH_SEARCH_PATHS = "$(inherited) @executable_path/Frameworks @loader_path/Frameworks";
				PRODUCT_BUNDLE_IDENTIFIER = thunder.SnakeGameUITests;
				PRODUCT_NAME = "$(TARGET_NAME)";
				TEST_TARGET_NAME = SnakeGame;
				USES_XCTRUNNER = YES;
			};
			name = Debug;
		};
		8CE79BFF1BD485B500F9D2C1 /* Release */ = {
			isa = XCBuildConfiguration;
			buildSettings = {
				INFOPLIST_FILE = SnakeGameUITests/Info.plist;
				LD_RUNPATH_SEARCH_PATHS = "$(inherited) @executable_path/Frameworks @loader_path/Frameworks";
				PRODUCT_BUNDLE_IDENTIFIER = thunder.SnakeGameUITests;
				PRODUCT_NAME = "$(TARGET_NAME)";
				TEST_TARGET_NAME = SnakeGame;
				USES_XCTRUNNER = YES;
			};
			name = Release;
		};
/* End XCBuildConfiguration section */

/* Begin XCConfigurationList section */
		8CE79BCA1BD485B400F9D2C1 /* Build configuration list for PBXProject "SnakeGame" */ = {
			isa = XCConfigurationList;
			buildConfigurations = (
				8CE79BF51BD485B500F9D2C1 /* Debug */,
				8CE79BF61BD485B500F9D2C1 /* Release */,
			);
			defaultConfigurationIsVisible = 0;
			defaultConfigurationName = Release;
		};
		8CE79BF71BD485B500F9D2C1 /* Build configuration list for PBXNativeTarget "SnakeGame" */ = {
			isa = XCConfigurationList;
			buildConfigurations = (
				8CE79BF81BD485B500F9D2C1 /* Debug */,
				8CE79BF91BD485B500F9D2C1 /* Release */,
			);
			defaultConfigurationIsVisible = 0;
			defaultConfigurationName = Release;
		};
		8CE79BFA1BD485B500F9D2C1 /* Build configuration list for PBXNativeTarget "SnakeGameTests" */ = {
			isa = XCConfigurationList;
			buildConfigurations = (
				8CE79BFB1BD485B500F9D2C1 /* Debug */,
				8CE79BFC1BD485B500F9D2C1 /* Release */,
			);
			defaultConfigurationIsVisible = 0;
			defaultConfigurationName = Release;
		};
		8CE79BFD1BD485B500F9D2C1 /* Build configuration list for PBXNativeTarget "SnakeGameUITests" */ = {
			isa = XCConfigurationList;
			buildConfigurations = (
				8CE79BFE1BD485B500F9D2C1 /* Debug */,
				8CE79BFF1BD485B500F9D2C1 /* Release */,
			);
			defaultConfigurationIsVisible = 0;
			defaultConfigurationName = Release;
		};
/* End XCConfigurationList section */
	};
	rootObject = 8CE79BC71BD485B400F9D2C1 /* Project object */;
}
